
Microsoft Visual Studio Solution File, Format Version 12.00
# Visual Studio 14
VisualStudioVersion = 14.0.25420.1
MinimumVisualStudioVersion = 10.0.40219.1
Project("{FAE04EC0-301F-11D3-BF4B-00C04F79EFBC}") = "XamarinFest.App.Android", "XamarinFest.App\XamarinFest.App.Android\XamarinFest.App.Android.csproj", "{88C1F2D0-CE4A-4953-960D-9B12693E11A9}"
EndProject
Project("{FAE04EC0-301F-11D3-BF4B-00C04F79EFBC}") = "XamarinFest.App", "XamarinFest.App\XamarinFest.App\XamarinFest.App.csproj", "{5A2A3DBF-0003-435F-8A7C-FEB4CCEB5DA8}"
EndProject
Project("{FAE04EC0-301F-11D3-BF4B-00C04F79EFBC}") = "XamarinFest.App.UWP", "XamarinFest.App\XamarinFest.App.UWP\XamarinFest.App.UWP.csproj", "{1C7F9399-699E-4FB7-B596-A620A7A15B23}"
EndProject
Project("{FAE04EC0-301F-11D3-BF4B-00C04F79EFBC}") = "XamarinFest.App.iOS", "XamarinFest.App\XamarinFest.App.iOS\XamarinFest.App.iOS.csproj", "{DD26ADE9-D7E6-4C69-BABC-E72BCE0CA23C}"
EndProject
Global
	GlobalSection(SolutionConfigurationPlatforms) = preSolution
		Ad-Hoc|Any CPU = Ad-Hoc|Any CPU
		Ad-Hoc|ARM = Ad-Hoc|ARM
		Ad-Hoc|iPhone = Ad-Hoc|iPhone
		Ad-Hoc|iPhoneSimulator = Ad-Hoc|iPhoneSimulator
		Ad-Hoc|x64 = Ad-Hoc|x64
		Ad-Hoc|x86 = Ad-Hoc|x86
		AppStore|Any CPU = AppStore|Any CPU
		AppStore|ARM = AppStore|ARM
		AppStore|iPhone = AppStore|iPhone
		AppStore|iPhoneSimulator = AppStore|iPhoneSimulator
		AppStore|x64 = AppStore|x64
		AppStore|x86 = AppStore|x86
		Debug|Any CPU = Debug|Any CPU
		Debug|ARM = Debug|ARM
		Debug|iPhone = Debug|iPhone
		Debug|iPhoneSimulator = Debug|iPhoneSimulator
		Debug|x64 = Debug|x64
		Debug|x86 = Debug|x86
		Release|Any CPU = Release|Any CPU
		Release|ARM = Release|ARM
		Release|iPhone = Release|iPhone
		Release|iPhoneSimulator = Release|iPhoneSimulator
		Release|x64 = Release|x64
		Release|x86 = Release|x86
	EndGlobalSection
	GlobalSection(ProjectConfigurationPlatforms) = postSolution
		{88C1F2D0-CE4A-4953-960D-9B12693E11A9}.Ad-Hoc|Any CPU.ActiveCfg = Release|Any CPU
		{88C1F2D0-CE4A-4953-960D-9B12693E11A9}.Ad-Hoc|Any CPU.Build.0 = Release|Any CPU
		{88C1F2D0-CE4A-4953-960D-9B12693E11A9}.Ad-Hoc|Any CPU.Deploy.0 = Release|Any CPU
		{88C1F2D0-CE4A-4953-960D-9B12693E11A9}.Ad-Hoc|ARM.ActiveCfg = Release|Any CPU
		{88C1F2D0-CE4A-4953-960D-9B12693E11A9}.Ad-Hoc|ARM.Build.0 = Release|Any CPU
		{88C1F2D0-CE4A-4953-960D-9B12693E11A9}.Ad-Hoc|ARM.Deploy.0 = Release|Any CPU
		{88C1F2D0-CE4A-4953-960D-9B12693E11A9}.Ad-Hoc|iPhone.ActiveCfg = Release|Any CPU
		{88C1F2D0-CE4A-4953-960D-9B12693E11A9}.Ad-Hoc|iPhone.Build.0 = Release|Any CPU
		{88C1F2D0-CE4A-4953-960D-9B12693E11A9}.Ad-Hoc|iPhone.Deploy.0 = Release|Any CPU
		{88C1F2D0-CE4A-4953-960D-9B12693E11A9}.Ad-Hoc|iPhoneSimulator.ActiveCfg = Release|Any CPU
		{88C1F2D0-CE4A-4953-960D-9B12693E11A9}.Ad-Hoc|iPhoneSimulator.Build.0 = Release|Any CPU
		{88C1F2D0-CE4A-4953-960D-9B12693E11A9}.Ad-Hoc|iPhoneSimulator.Deploy.0 = Release|Any CPU
		{88C1F2D0-CE4A-4953-960D-9B12693E11A9}.Ad-Hoc|x64.ActiveCfg = Release|Any CPU
		{88C1F2D0-CE4A-4953-960D-9B12693E11A9}.Ad-Hoc|x64.Build.0 = Release|Any CPU
		{88C1F2D0-CE4A-4953-960D-9B12693E11A9}.Ad-Hoc|x64.Deploy.0 = Release|Any CPU
		{88C1F2D0-CE4A-4953-960D-9B12693E11A9}.Ad-Hoc|x86.ActiveCfg = Release|Any CPU
		{88C1F2D0-CE4A-4953-960D-9B12693E11A9}.Ad-Hoc|x86.Build.0 = Release|Any CPU
		{88C1F2D0-CE4A-4953-960D-9B12693E11A9}.Ad-Hoc|x86.Deploy.0 = Release|Any CPU
		{88C1F2D0-CE4A-4953-960D-9B12693E11A9}.AppStore|Any CPU.ActiveCfg = Release|Any CPU
		{88C1F2D0-CE4A-4953-960D-9B12693E11A9}.AppStore|Any CPU.Build.0 = Release|Any CPU
		{88C1F2D0-CE4A-4953-960D-9B12693E11A9}.AppStore|Any CPU.Deploy.0 = Release|Any CPU
		{88C1F2D0-CE4A-4953-960D-9B12693E11A9}.AppStore|ARM.ActiveCfg = Release|Any CPU
		{88C1F2D0-CE4A-4953-960D-9B12693E11A9}.AppStore|ARM.Build.0 = Release|Any CPU
		{88C1F2D0-CE4A-4953-960D-9B12693E11A9}.AppStore|ARM.Deploy.0 = Release|Any CPU
		{88C1F2D0-CE4A-4953-960D-9B12693E11A9}.AppStore|iPhone.ActiveCfg = Release|Any CPU
		{88C1F2D0-CE4A-4953-960D-9B12693E11A9}.AppStore|iPhone.Build.0 = Release|Any CPU
		{88C1F2D0-CE4A-4953-960D-9B12693E11A9}.AppStore|iPhone.Deploy.0 = Release|Any CPU
		{88C1F2D0-CE4A-4953-960D-9B12693E11A9}.AppStore|iPhoneSimulator.ActiveCfg = Release|Any CPU
		{88C1F2D0-CE4A-4953-960D-9B12693E11A9}.AppStore|iPhoneSimulator.Build.0 = Release|Any CPU
		{88C1F2D0-CE4A-4953-960D-9B12693E11A9}.AppStore|iPhoneSimulator.Deploy.0 = Release|Any CPU
		{88C1F2D0-CE4A-4953-960D-9B12693E11A9}.AppStore|x64.ActiveCfg = Release|Any CPU
		{88C1F2D0-CE4A-4953-960D-9B12693E11A9}.AppStore|x64.Build.0 = Release|Any CPU
		{88C1F2D0-CE4A-4953-960D-9B12693E11A9}.AppStore|x64.Deploy.0 = Release|Any CPU
		{88C1F2D0-CE4A-4953-960D-9B12693E11A9}.AppStore|x86.ActiveCfg = Release|Any CPU
		{88C1F2D0-CE4A-4953-960D-9B12693E11A9}.AppStore|x86.Build.0 = Release|Any CPU
		{88C1F2D0-CE4A-4953-960D-9B12693E11A9}.AppStore|x86.Deploy.0 = Release|Any CPU
		{88C1F2D0-CE4A-4953-960D-9B12693E11A9}.Debug|Any CPU.ActiveCfg = Debug|Any CPU
		{88C1F2D0-CE4A-4953-960D-9B12693E11A9}.Debug|Any CPU.Build.0 = Debug|Any CPU
		{88C1F2D0-CE4A-4953-960D-9B12693E11A9}.Debug|Any CPU.Deploy.0 = Debug|Any CPU
		{88C1F2D0-CE4A-4953-960D-9B12693E11A9}.Debug|ARM.ActiveCfg = Debug|Any CPU
		{88C1F2D0-CE4A-4953-960D-9B12693E11A9}.Debug|ARM.Build.0 = Debug|Any CPU
		{88C1F2D0-CE4A-4953-960D-9B12693E11A9}.Debug|ARM.Deploy.0 = Debug|Any CPU
		{88C1F2D0-CE4A-4953-960D-9B12693E11A9}.Debug|iPhone.ActiveCfg = Debug|Any CPU
		{88C1F2D0-CE4A-4953-960D-9B12693E11A9}.Debug|iPhone.Build.0 = Debug|Any CPU
		{88C1F2D0-CE4A-4953-960D-9B12693E11A9}.Debug|iPhone.Deploy.0 = Debug|Any CPU
		{88C1F2D0-CE4A-4953-960D-9B12693E11A9}.Debug|iPhoneSimulator.ActiveCfg = Debug|Any CPU
		{88C1F2D0-CE4A-4953-960D-9B12693E11A9}.Debug|iPhoneSimulator.Build.0 = Debug|Any CPU
		{88C1F2D0-CE4A-4953-960D-9B12693E11A9}.Debug|iPhoneSimulator.Deploy.0 = Debug|Any CPU
		{88C1F2D0-CE4A-4953-960D-9B12693E11A9}.Debug|x64.ActiveCfg = Debug|Any CPU
		{88C1F2D0-CE4A-4953-960D-9B12693E11A9}.Debug|x64.Build.0 = Debug|Any CPU
		{88C1F2D0-CE4A-4953-960D-9B12693E11A9}.Debug|x64.Deploy.0 = Debug|Any CPU
		{88C1F2D0-CE4A-4953-960D-9B12693E11A9}.Debug|x86.ActiveCfg = Debug|Any CPU
		{88C1F2D0-CE4A-4953-960D-9B12693E11A9}.Debug|x86.Build.0 = Debug|Any CPU
		{88C1F2D0-CE4A-4953-960D-9B12693E11A9}.Debug|x86.Deploy.0 = Debug|Any CPU
		{88C1F2D0-CE4A-4953-960D-9B12693E11A9}.Release|Any CPU.ActiveCfg = Release|Any CPU
		{88C1F2D0-CE4A-4953-960D-9B12693E11A9}.Release|Any CPU.Build.0 = Release|Any CPU
		{88C1F2D0-CE4A-4953-960D-9B12693E11A9}.Release|Any CPU.Deploy.0 = Release|Any CPU
		{88C1F2D0-CE4A-4953-960D-9B12693E11A9}.Release|ARM.ActiveCfg = Release|Any CPU
		{88C1F2D0-CE4A-4953-960D-9B12693E11A9}.Release|ARM.Build.0 = Release|Any CPU
		{88C1F2D0-CE4A-4953-960D-9B12693E11A9}.Release|ARM.Deploy.0 = Release|Any CPU
		{88C1F2D0-CE4A-4953-960D-9B12693E11A9}.Release|iPhone.ActiveCfg = Release|Any CPU
		{88C1F2D0-CE4A-4953-960D-9B12693E11A9}.Release|iPhone.Build.0 = Release|Any CPU
		{88C1F2D0-CE4A-4953-960D-9B12693E11A9}.Release|iPhone.Deploy.0 = Release|Any CPU
		{88C1F2D0-CE4A-4953-960D-9B12693E11A9}.Release|iPhoneSimulator.ActiveCfg = Release|Any CPU
		{88C1F2D0-CE4A-4953-960D-9B12693E11A9}.Release|iPhoneSimulator.Build.0 = Release|Any CPU
		{88C1F2D0-CE4A-4953-960D-9B12693E11A9}.Release|iPhoneSimulator.Deploy.0 = Release|Any CPU
		{88C1F2D0-CE4A-4953-960D-9B12693E11A9}.Release|x64.ActiveCfg = Release|Any CPU
		{88C1F2D0-CE4A-4953-960D-9B12693E11A9}.Release|x64.Build.0 = Release|Any CPU
		{88C1F2D0-CE4A-4953-960D-9B12693E11A9}.Release|x64.Deploy.0 = Release|Any CPU
		{88C1F2D0-CE4A-4953-960D-9B12693E11A9}.Release|x86.ActiveCfg = Release|Any CPU
		{88C1F2D0-CE4A-4953-960D-9B12693E11A9}.Release|x86.Build.0 = Release|Any CPU
		{88C1F2D0-CE4A-4953-960D-9B12693E11A9}.Release|x86.Deploy.0 = Release|Any CPU
		{5A2A3DBF-0003-435F-8A7C-FEB4CCEB5DA8}.Ad-Hoc|Any CPU.ActiveCfg = Release|Any CPU
		{5A2A3DBF-0003-435F-8A7C-FEB4CCEB5DA8}.Ad-Hoc|Any CPU.Build.0 = Release|Any CPU
		{5A2A3DBF-0003-435F-8A7C-FEB4CCEB5DA8}.Ad-Hoc|ARM.ActiveCfg = Release|Any CPU
		{5A2A3DBF-0003-435F-8A7C-FEB4CCEB5DA8}.Ad-Hoc|ARM.Build.0 = Release|Any CPU
		{5A2A3DBF-0003-435F-8A7C-FEB4CCEB5DA8}.Ad-Hoc|iPhone.ActiveCfg = Release|Any CPU
		{5A2A3DBF-0003-435F-8A7C-FEB4CCEB5DA8}.Ad-Hoc|iPhone.Build.0 = Release|Any CPU
		{5A2A3DBF-0003-435F-8A7C-FEB4CCEB5DA8}.Ad-Hoc|iPhoneSimulator.ActiveCfg = Release|Any CPU
		{5A2A3DBF-0003-435F-8A7C-FEB4CCEB5DA8}.Ad-Hoc|iPhoneSimulator.Build.0 = Release|Any CPU
		{5A2A3DBF-0003-435F-8A7C-FEB4CCEB5DA8}.Ad-Hoc|x64.ActiveCfg = Release|Any CPU
		{5A2A3DBF-0003-435F-8A7C-FEB4CCEB5DA8}.Ad-Hoc|x64.Build.0 = Release|Any CPU
		{5A2A3DBF-0003-435F-8A7C-FEB4CCEB5DA8}.Ad-Hoc|x86.ActiveCfg = Release|Any CPU
		{5A2A3DBF-0003-435F-8A7C-FEB4CCEB5DA8}.Ad-Hoc|x86.Build.0 = Release|Any CPU
		{5A2A3DBF-0003-435F-8A7C-FEB4CCEB5DA8}.AppStore|Any CPU.ActiveCfg = Release|Any CPU
		{5A2A3DBF-0003-435F-8A7C-FEB4CCEB5DA8}.AppStore|Any CPU.Build.0 = Release|Any CPU
		{5A2A3DBF-0003-435F-8A7C-FEB4CCEB5DA8}.AppStore|ARM.ActiveCfg = Release|Any CPU
		{5A2A3DBF-0003-435F-8A7C-FEB4CCEB5DA8}.AppStore|ARM.Build.0 = Release|Any CPU
		{5A2A3DBF-0003-435F-8A7C-FEB4CCEB5DA8}.AppStore|iPhone.ActiveCfg = Release|Any CPU
		{5A2A3DBF-0003-435F-8A7C-FEB4CCEB5DA8}.AppStore|iPhone.Build.0 = Release|Any CPU
		{5A2A3DBF-0003-435F-8A7C-FEB4CCEB5DA8}.AppStore|iPhoneSimulator.ActiveCfg = Release|Any CPU
		{5A2A3DBF-0003-435F-8A7C-FEB4CCEB5DA8}.AppStore|iPhoneSimulator.Build.0 = Release|Any CPU
		{5A2A3DBF-0003-435F-8A7C-FEB4CCEB5DA8}.AppStore|x64.ActiveCfg = Release|Any CPU
		{5A2A3DBF-0003-435F-8A7C-FEB4CCEB5DA8}.AppStore|x64.Build.0 = Release|Any CPU
		{5A2A3DBF-0003-435F-8A7C-FEB4CCEB5DA8}.AppStore|x86.ActiveCfg = Release|Any CPU
		{5A2A3DBF-0003-435F-8A7C-FEB4CCEB5DA8}.AppStore|x86.Build.0 = Release|Any CPU
		{5A2A3DBF-0003-435F-8A7C-FEB4CCEB5DA8}.Debug|Any CPU.ActiveCfg = Debug|Any CPU
		{5A2A3DBF-0003-435F-8A7C-FEB4CCEB5DA8}.Debug|Any CPU.Build.0 = Debug|Any CPU
		{5A2A3DBF-0003-435F-8A7C-FEB4CCEB5DA8}.Debug|ARM.ActiveCfg = Debug|Any CPU
		{5A2A3DBF-0003-435F-8A7C-FEB4CCEB5DA8}.Debug|ARM.Build.0 = Debug|Any CPU
		{5A2A3DBF-0003-435F-8A7C-FEB4CCEB5DA8}.Debug|iPhone.ActiveCfg = Debug|Any CPU
		{5A2A3DBF-0003-435F-8A7C-FEB4CCEB5DA8}.Debug|iPhone.Build.0 = Debug|Any CPU
		{5A2A3DBF-0003-435F-8A7C-FEB4CCEB5DA8}.Debug|iPhoneSimulator.ActiveCfg = Debug|Any CPU
		{5A2A3DBF-0003-435F-8A7C-FEB4CCEB5DA8}.Debug|iPhoneSimulator.Build.0 = Debug|Any CPU
		{5A2A3DBF-0003-435F-8A7C-FEB4CCEB5DA8}.Debug|x64.ActiveCfg = Debug|Any CPU
		{5A2A3DBF-0003-435F-8A7C-FEB4CCEB5DA8}.Debug|x64.Build.0 = Debug|Any CPU
		{5A2A3DBF-0003-435F-8A7C-FEB4CCEB5DA8}.Debug|x86.ActiveCfg = Debug|Any CPU
		{5A2A3DBF-0003-435F-8A7C-FEB4CCEB5DA8}.Debug|x86.Build.0 = Debug|Any CPU
		{5A2A3DBF-0003-435F-8A7C-FEB4CCEB5DA8}.Release|Any CPU.ActiveCfg = Release|Any CPU
		{5A2A3DBF-0003-435F-8A7C-FEB4CCEB5DA8}.Release|Any CPU.Build.0 = Release|Any CPU
		{5A2A3DBF-0003-435F-8A7C-FEB4CCEB5DA8}.Release|ARM.ActiveCfg = Release|Any CPU
		{5A2A3DBF-0003-435F-8A7C-FEB4CCEB5DA8}.Release|ARM.Build.0 = Release|Any CPU
		{5A2A3DBF-0003-435F-8A7C-FEB4CCEB5DA8}.Release|iPhone.ActiveCfg = Release|Any CPU
		{5A2A3DBF-0003-435F-8A7C-FEB4CCEB5DA8}.Release|iPhone.Build.0 = Release|Any CPU
		{5A2A3DBF-0003-435F-8A7C-FEB4CCEB5DA8}.Release|iPhoneSimulator.ActiveCfg = Release|Any CPU
		{5A2A3DBF-0003-435F-8A7C-FEB4CCEB5DA8}.Release|iPhoneSimulator.Build.0 = Release|Any CPU
		{5A2A3DBF-0003-435F-8A7C-FEB4CCEB5DA8}.Release|x64.ActiveCfg = Release|Any CPU
		{5A2A3DBF-0003-435F-8A7C-FEB4CCEB5DA8}.Release|x64.Build.0 = Release|Any CPU
		{5A2A3DBF-0003-435F-8A7C-FEB4CCEB5DA8}.Release|x86.ActiveCfg = Release|Any CPU
		{5A2A3DBF-0003-435F-8A7C-FEB4CCEB5DA8}.Release|x86.Build.0 = Release|Any CPU
		{1C7F9399-699E-4FB7-B596-A620A7A15B23}.Ad-Hoc|Any CPU.ActiveCfg = Release|x86
		{1C7F9399-699E-4FB7-B596-A620A7A15B23}.Ad-Hoc|Any CPU.Build.0 = Release|x86
		{1C7F9399-699E-4FB7-B596-A620A7A15B23}.Ad-Hoc|Any CPU.Deploy.0 = Release|x86
		{1C7F9399-699E-4FB7-B596-A620A7A15B23}.Ad-Hoc|ARM.ActiveCfg = Release|ARM
		{1C7F9399-699E-4FB7-B596-A620A7A15B23}.Ad-Hoc|ARM.Build.0 = Release|ARM
		{1C7F9399-699E-4FB7-B596-A620A7A15B23}.Ad-Hoc|ARM.Deploy.0 = Release|ARM
		{1C7F9399-699E-4FB7-B596-A620A7A15B23}.Ad-Hoc|iPhone.ActiveCfg = Release|x86
		{1C7F9399-699E-4FB7-B596-A620A7A15B23}.Ad-Hoc|iPhone.Build.0 = Release|x86
		{1C7F9399-699E-4FB7-B596-A620A7A15B23}.Ad-Hoc|iPhone.Deploy.0 = Release|x86
		{1C7F9399-699E-4FB7-B596-A620A7A15B23}.Ad-Hoc|iPhoneSimulator.ActiveCfg = Release|x86
		{1C7F9399-699E-4FB7-B596-A620A7A15B23}.Ad-Hoc|iPhoneSimulator.Build.0 = Release|x86
		{1C7F9399-699E-4FB7-B596-A620A7A15B23}.Ad-Hoc|iPhoneSimulator.Deploy.0 = Release|x86
		{1C7F9399-699E-4FB7-B596-A620A7A15B23}.Ad-Hoc|x64.ActiveCfg = Release|x64
		{1C7F9399-699E-4FB7-B596-A620A7A15B23}.Ad-Hoc|x64.Build.0 = Release|x64
		{1C7F9399-699E-4FB7-B596-A620A7A15B23}.Ad-Hoc|x64.Deploy.0 = Release|x64
		{1C7F9399-699E-4FB7-B596-A620A7A15B23}.Ad-Hoc|x86.ActiveCfg = Release|x86
		{1C7F9399-699E-4FB7-B596-A620A7A15B23}.Ad-Hoc|x86.Build.0 = Release|x86
		{1C7F9399-699E-4FB7-B596-A620A7A15B23}.Ad-Hoc|x86.Deploy.0 = Release|x86
		{1C7F9399-699E-4FB7-B596-A620A7A15B23}.AppStore|Any CPU.ActiveCfg = Release|x86
		{1C7F9399-699E-4FB7-B596-A620A7A15B23}.AppStore|Any CPU.Build.0 = Release|x86
		{1C7F9399-699E-4FB7-B596-A620A7A15B23}.AppStore|Any CPU.Deploy.0 = Release|x86
		{1C7F9399-699E-4FB7-B596-A620A7A15B23}.AppStore|ARM.ActiveCfg = Release|ARM
		{1C7F9399-699E-4FB7-B596-A620A7A15B23}.AppStore|ARM.Build.0 = Release|ARM
		{1C7F9399-699E-4FB7-B596-A620A7A15B23}.AppStore|ARM.Deploy.0 = Release|ARM
		{1C7F9399-699E-4FB7-B596-A620A7A15B23}.AppStore|iPhone.ActiveCfg = Release|x86
		{1C7F9399-699E-4FB7-B596-A620A7A15B23}.AppStore|iPhone.Build.0 = Release|x86
		{1C7F9399-699E-4FB7-B596-A620A7A15B23}.AppStore|iPhone.Deploy.0 = Release|x86
		{1C7F9399-699E-4FB7-B596-A620A7A15B23}.AppStore|iPhoneSimulator.ActiveCfg = Release|x86
		{1C7F9399-699E-4FB7-B596-A620A7A15B23}.AppStore|iPhoneSimulator.Build.0 = Release|x86
		{1C7F9399-699E-4FB7-B596-A620A7A15B23}.AppStore|iPhoneSimulator.Deploy.0 = Release|x86
		{1C7F9399-699E-4FB7-B596-A620A7A15B23}.AppStore|x64.ActiveCfg = Release|x64
		{1C7F9399-699E-4FB7-B596-A620A7A15B23}.AppStore|x64.Build.0 = Release|x64
		{1C7F9399-699E-4FB7-B596-A620A7A15B23}.AppStore|x64.Deploy.0 = Release|x64
		{1C7F9399-699E-4FB7-B596-A620A7A15B23}.AppStore|x86.ActiveCfg = Release|x86
		{1C7F9399-699E-4FB7-B596-A620A7A15B23}.AppStore|x86.Build.0 = Release|x86
		{1C7F9399-699E-4FB7-B596-A620A7A15B23}.AppStore|x86.Deploy.0 = Release|x86
		{1C7F9399-699E-4FB7-B596-A620A7A15B23}.Debug|Any CPU.ActiveCfg = Debug|x86
		{1C7F9399-699E-4FB7-B596-A620A7A15B23}.Debug|ARM.ActiveCfg = Debug|ARM
		{1C7F9399-699E-4FB7-B596-A620A7A15B23}.Debug|ARM.Build.0 = Debug|ARM
		{1C7F9399-699E-4FB7-B596-A620A7A15B23}.Debug|ARM.Deploy.0 = Debug|ARM
		{1C7F9399-699E-4FB7-B596-A620A7A15B23}.Debug|iPhone.ActiveCfg = Debug|x86
		{1C7F9399-699E-4FB7-B596-A620A7A15B23}.Debug|iPhoneSimulator.ActiveCfg = Debug|x86
		{1C7F9399-699E-4FB7-B596-A620A7A15B23}.Debug|x64.ActiveCfg = Debug|x64
		{1C7F9399-699E-4FB7-B596-A620A7A15B23}.Debug|x64.Build.0 = Debug|x64
		{1C7F9399-699E-4FB7-B596-A620A7A15B23}.Debug|x64.Deploy.0 = Debug|x64
		{1C7F9399-699E-4FB7-B596-A620A7A15B23}.Debug|x86.ActiveCfg = Debug|x86
		{1C7F9399-699E-4FB7-B596-A620A7A15B23}.Debug|x86.Build.0 = Debug|x86
		{1C7F9399-699E-4FB7-B596-A620A7A15B23}.Debug|x86.Deploy.0 = Debug|x86
		{1C7F9399-699E-4FB7-B596-A620A7A15B23}.Release|Any CPU.ActiveCfg = Release|x86
		{1C7F9399-699E-4FB7-B596-A620A7A15B23}.Release|ARM.ActiveCfg = Release|ARM
		{1C7F9399-699E-4FB7-B596-A620A7A15B23}.Release|ARM.Build.0 = Release|ARM
		{1C7F9399-699E-4FB7-B596-A620A7A15B23}.Release|ARM.Deploy.0 = Release|ARM
		{1C7F9399-699E-4FB7-B596-A620A7A15B23}.Release|iPhone.ActiveCfg = Release|x86
		{1C7F9399-699E-4FB7-B596-A620A7A15B23}.Release|iPhoneSimulator.ActiveCfg = Release|x86
		{1C7F9399-699E-4FB7-B596-A620A7A15B23}.Release|x64.ActiveCfg = Release|x64
		{1C7F9399-699E-4FB7-B596-A620A7A15B23}.Release|x64.Build.0 = Release|x64
		{1C7F9399-699E-4FB7-B596-A620A7A15B23}.Release|x64.Deploy.0 = Release|x64
		{1C7F9399-699E-4FB7-B596-A620A7A15B23}.Release|x86.ActiveCfg = Release|x86
		{1C7F9399-699E-4FB7-B596-A620A7A15B23}.Release|x86.Build.0 = Release|x86
		{1C7F9399-699E-4FB7-B596-A620A7A15B23}.Release|x86.Deploy.0 = Release|x86
		{DD26ADE9-D7E6-4C69-BABC-E72BCE0CA23C}.Ad-Hoc|Any CPU.ActiveCfg = Ad-Hoc|iPhone
		{DD26ADE9-D7E6-4C69-BABC-E72BCE0CA23C}.Ad-Hoc|ARM.ActiveCfg = Ad-Hoc|iPhone
		{DD26ADE9-D7E6-4C69-BABC-E72BCE0CA23C}.Ad-Hoc|iPhone.ActiveCfg = Ad-Hoc|iPhone
		{DD26ADE9-D7E6-4C69-BABC-E72BCE0CA23C}.Ad-Hoc|iPhone.Build.0 = Ad-Hoc|iPhone
		{DD26ADE9-D7E6-4C69-BABC-E72BCE0CA23C}.Ad-Hoc|iPhoneSimulator.ActiveCfg = Ad-Hoc|iPhoneSimulator
		{DD26ADE9-D7E6-4C69-BABC-E72BCE0CA23C}.Ad-Hoc|iPhoneSimulator.Build.0 = Ad-Hoc|iPhoneSimulator
		{DD26ADE9-D7E6-4C69-BABC-E72BCE0CA23C}.Ad-Hoc|x64.ActiveCfg = Ad-Hoc|iPhone
		{DD26ADE9-D7E6-4C69-BABC-E72BCE0CA23C}.Ad-Hoc|x86.ActiveCfg = Ad-Hoc|iPhone
		{DD26ADE9-D7E6-4C69-BABC-E72BCE0CA23C}.AppStore|Any CPU.ActiveCfg = AppStore|iPhone
		{DD26ADE9-D7E6-4C69-BABC-E72BCE0CA23C}.AppStore|ARM.ActiveCfg = AppStore|iPhone
		{DD26ADE9-D7E6-4C69-BABC-E72BCE0CA23C}.AppStore|iPhone.ActiveCfg = AppStore|iPhone
		{DD26ADE9-D7E6-4C69-BABC-E72BCE0CA23C}.AppStore|iPhone.Build.0 = AppStore|iPhone
		{DD26ADE9-D7E6-4C69-BABC-E72BCE0CA23C}.AppStore|iPhoneSimulator.ActiveCfg = AppStore|iPhoneSimulator
		{DD26ADE9-D7E6-4C69-BABC-E72BCE0CA23C}.AppStore|iPhoneSimulator.Build.0 = AppStore|iPhoneSimulator
		{DD26ADE9-D7E6-4C69-BABC-E72BCE0CA23C}.AppStore|x64.ActiveCfg = AppStore|iPhone
		{DD26ADE9-D7E6-4C69-BABC-E72BCE0CA23C}.AppStore|x86.ActiveCfg = AppStore|iPhone
		{DD26ADE9-D7E6-4C69-BABC-E72BCE0CA23C}.Debug|Any CPU.ActiveCfg = Debug|iPhone
		{DD26ADE9-D7E6-4C69-BABC-E72BCE0CA23C}.Debug|ARM.ActiveCfg = Debug|iPhone
		{DD26ADE9-D7E6-4C69-BABC-E72BCE0CA23C}.Debug|iPhone.ActiveCfg = Debug|iPhone
		{DD26ADE9-D7E6-4C69-BABC-E72BCE0CA23C}.Debug|iPhone.Build.0 = Debug|iPhone
		{DD26ADE9-D7E6-4C69-BABC-E72BCE0CA23C}.Debug|iPhoneSimulator.ActiveCfg = Debug|iPhoneSimulator
		{DD26ADE9-D7E6-4C69-BABC-E72BCE0CA23C}.Debug|iPhoneSimulator.Build.0 = Debug|iPhoneSimulator
		{DD26ADE9-D7E6-4C69-BABC-E72BCE0CA23C}.Debug|x64.ActiveCfg = Debug|iPhone
		{DD26ADE9-D7E6-4C69-BABC-E72BCE0CA23C}.Debug|x86.ActiveCfg = Debug|iPhone
		{DD26ADE9-D7E6-4C69-BABC-E72BCE0CA23C}.Release|Any CPU.ActiveCfg = Release|iPhone
		{DD26ADE9-D7E6-4C69-BABC-E72BCE0CA23C}.Release|ARM.ActiveCfg = Release|iPhone
		{DD26ADE9-D7E6-4C69-BABC-E72BCE0CA23C}.Release|iPhone.ActiveCfg = Release|iPhone
		{DD26ADE9-D7E6-4C69-BABC-E72BCE0CA23C}.Release|iPhone.Build.0 = Release|iPhone
		{DD26ADE9-D7E6-4C69-BABC-E72BCE0CA23C}.Release|iPhoneSimulator.ActiveCfg = Release|iPhoneSimulator
		{DD26ADE9-D7E6-4C69-BABC-E72BCE0CA23C}.Release|iPhoneSimulator.Build.0 = Release|iPhoneSimulator
		{DD26ADE9-D7E6-4C69-BABC-E72BCE0CA23C}.Release|x64.ActiveCfg = Release|iPhone
		{DD26ADE9-D7E6-4C69-BABC-E72BCE0CA23C}.Release|x86.ActiveCfg = Release|iPhone
	EndGlobalSection
	GlobalSection(SolutionProperties) = preSolution
		HideSolutionNode = FALSE
	EndGlobalSection
EndGlobal
